PODS:
  - AXRatingView (1.0.3)
  - JVFloatLabeledTextField (1.0.2)
  - XLForm (3.3.0)

DEPENDENCIES:
  - AXRatingView (= 1.0.3)
  - JVFloatLabeledTextField (= 1.0.2)
  - XLForm (~> 3.3)

SPEC CHECKSUMS:
  AXRatingView: ccaadc1bbda99a4b7e1d556059482d2b933a9f4e
  JVFloatLabeledTextField: 58a3a32cfb800e5b224f676987e7c13abf50a14d
  XLForm: d5c391dfc62865927b5bcab0a5a0dbfb3e02b0ec

PODFILE CHECKSUM: f1e5b51e57432fd54bfa181bf8fb40ec85cc58df

COCOAPODS: 1.1.1
